
Microsoft Visual Studio Solution File, Format Version 12.00
# Visual Studio Version 17
VisualStudioVersion = 17.1.32421.90
MinimumVisualStudioVersion = 10.0.40219.1
Project("{FAE04EC0-301F-11D3-BF4B-00C04F79EFBC}") = "Hatvany1", "Hatvany1\Hatvany1.csproj", "{D6FA0F87-589E-4329-BD4E-5A12168094EC}"
EndProject
Project("{FAE04EC0-301F-11D3-BF4B-00C04F79EFBC}") = "HatvanyTeszt", "HatvanyTeszt\HatvanyTeszt.csproj", "{F41CE1A0-EF7E-43C3-B2A9-F5A948DFB2E4}"
EndProject
Global
	GlobalSection(SolutionConfigurationPlatforms) = preSolution
		Debug|Any CPU = Debug|Any CPU
		Release|Any CPU = Release|Any CPU
	EndGlobalSection
	GlobalSection(ProjectConfigurationPlatforms) = postSolution
		{D6FA0F87-589E-4329-BD4E-5A12168094EC}.Debug|Any CPU.ActiveCfg = Debug|Any CPU
		{D6FA0F87-589E-4329-BD4E-5A12168094EC}.Debug|Any CPU.Build.0 = Debug|Any CPU
		{D6FA0F87-589E-4329-BD4E-5A12168094EC}.Release|Any CPU.ActiveCfg = Release|Any CPU
		{D6FA0F87-589E-4329-BD4E-5A12168094EC}.Release|Any CPU.Build.0 = Release|Any CPU
		{F41CE1A0-EF7E-43C3-B2A9-F5A948DFB2E4}.Debug|Any CPU.ActiveCfg = Debug|Any CPU
		{F41CE1A0-EF7E-43C3-B2A9-F5A948DFB2E4}.Debug|Any CPU.Build.0 = Debug|Any CPU
		{F41CE1A0-EF7E-43C3-B2A9-F5A948DFB2E4}.Release|Any CPU.ActiveCfg = Release|Any CPU
		{F41CE1A0-EF7E-43C3-B2A9-F5A948DFB2E4}.Release|Any CPU.Build.0 = Release|Any CPU
	EndGlobalSection
	GlobalSection(SolutionProperties) = preSolution
		HideSolutionNode = FALSE
	EndGlobalSection
	GlobalSection(ExtensibilityGlobals) = postSolution
		SolutionGuid = {6451B320-0B16-420B-A0F0-7C43549DFD62}
	EndGlobalSection
EndGlobal
